
Microsoft Visual Studio Solution File, Format Version 12.00
# Visual Studio 14
VisualStudioVersion = 14.0.23107.0
MinimumVisualStudioVersion = 10.0.40219.1
Project("{FAE04EC0-301F-11D3-BF4B-00C04F79EFBC}") = "ReactChat", "ReactChat\ReactChat\ReactChat.csproj", "{A9C68120-57AF-4B39-9355-EDF6DEC9B345}"
EndProject
Project("{FAE04EC0-301F-11D3-BF4B-00C04F79EFBC}") = "ReactChat.AppWinForms", "ReactChat\ReactChat.AppWinForms\ReactChat.AppWinForms.csproj", "{F299A8DC-8FCB-412F-A633-A48881163359}"
EndProject
Project("{FAE04EC0-301F-11D3-BF4B-00C04F79EFBC}") = "ReactChat.AppConsole", "ReactChat\ReactChat.AppConsole\ReactChat.AppConsole.csproj", "{46C019D2-1BDF-463E-B3E6-8492CF3B00D3}"
EndProject
Project("{FAE04EC0-301F-11D3-BF4B-00C04F79EFBC}") = "ReactChat.Resources", "ReactChat\ReactChat.Resources\ReactChat.Resources.csproj", "{050F4023-66D9-4B96-ABB7-89C2C91BC0F8}"
EndProject
Project("{FAE04EC0-301F-11D3-BF4B-00C04F79EFBC}") = "ReactChat.ServiceModel", "ReactChat\ReactChat.ServiceModel\ReactChat.ServiceModel.csproj", "{351142AA-5169-499E-9C7E-B6692FF4EF80}"
EndProject
Project("{FAE04EC0-301F-11D3-BF4B-00C04F79EFBC}") = "ReactChat.ServiceInterface", "ReactChat\ReactChat.ServiceInterface\ReactChat.ServiceInterface.csproj", "{BB8CB56A-79EF-4DE1-B1D6-2A3BC2C13814}"
EndProject
Project("{FAE04EC0-301F-11D3-BF4B-00C04F79EFBC}") = "ReactChat.Tests", "ReactChat\ReactChat.Tests\ReactChat.Tests.csproj", "{B1665387-EF91-4CA0-82BB-66E5781ED800}"
EndProject
Global
	GlobalSection(SolutionConfigurationPlatforms) = preSolution
		Debug|Any CPU = Debug|Any CPU
		Debug|x86 = Debug|x86
		Release|Any CPU = Release|Any CPU
		Release|x86 = Release|x86
	EndGlobalSection
	GlobalSection(ProjectConfigurationPlatforms) = postSolution
		{A9C68120-57AF-4B39-9355-EDF6DEC9B345}.Debug|Any CPU.ActiveCfg = Debug|Any CPU
		{A9C68120-57AF-4B39-9355-EDF6DEC9B345}.Debug|Any CPU.Build.0 = Debug|Any CPU
		{A9C68120-57AF-4B39-9355-EDF6DEC9B345}.Debug|x86.ActiveCfg = Debug|Any CPU
		{A9C68120-57AF-4B39-9355-EDF6DEC9B345}.Debug|x86.Build.0 = Debug|Any CPU
		{A9C68120-57AF-4B39-9355-EDF6DEC9B345}.Release|Any CPU.ActiveCfg = Release|Any CPU
		{A9C68120-57AF-4B39-9355-EDF6DEC9B345}.Release|Any CPU.Build.0 = Release|Any CPU
		{A9C68120-57AF-4B39-9355-EDF6DEC9B345}.Release|x86.ActiveCfg = Release|Any CPU
		{A9C68120-57AF-4B39-9355-EDF6DEC9B345}.Release|x86.Build.0 = Release|Any CPU
		{F299A8DC-8FCB-412F-A633-A48881163359}.Debug|Any CPU.ActiveCfg = Debug|Any CPU
		{F299A8DC-8FCB-412F-A633-A48881163359}.Debug|Any CPU.Build.0 = Debug|Any CPU
		{F299A8DC-8FCB-412F-A633-A48881163359}.Debug|x86.ActiveCfg = Debug|x86
		{F299A8DC-8FCB-412F-A633-A48881163359}.Debug|x86.Build.0 = Debug|x86
		{F299A8DC-8FCB-412F-A633-A48881163359}.Release|Any CPU.ActiveCfg = Release|Any CPU
		{F299A8DC-8FCB-412F-A633-A48881163359}.Release|Any CPU.Build.0 = Release|Any CPU
		{F299A8DC-8FCB-412F-A633-A48881163359}.Release|x86.ActiveCfg = Release|x86
		{F299A8DC-8FCB-412F-A633-A48881163359}.Release|x86.Build.0 = Release|x86
		{46C019D2-1BDF-463E-B3E6-8492CF3B00D3}.Debug|Any CPU.ActiveCfg = Debug|Any CPU
		{46C019D2-1BDF-463E-B3E6-8492CF3B00D3}.Debug|Any CPU.Build.0 = Debug|Any CPU
		{46C019D2-1BDF-463E-B3E6-8492CF3B00D3}.Debug|x86.ActiveCfg = Debug|Any CPU
		{46C019D2-1BDF-463E-B3E6-8492CF3B00D3}.Debug|x86.Build.0 = Debug|Any CPU
		{46C019D2-1BDF-463E-B3E6-8492CF3B00D3}.Release|Any CPU.ActiveCfg = Release|Any CPU
		{46C019D2-1BDF-463E-B3E6-8492CF3B00D3}.Release|Any CPU.Build.0 = Release|Any CPU
		{46C019D2-1BDF-463E-B3E6-8492CF3B00D3}.Release|x86.ActiveCfg = Release|Any CPU
		{46C019D2-1BDF-463E-B3E6-8492CF3B00D3}.Release|x86.Build.0 = Release|Any CPU
		{050F4023-66D9-4B96-ABB7-89C2C91BC0F8}.Debug|Any CPU.ActiveCfg = Debug|Any CPU
		{050F4023-66D9-4B96-ABB7-89C2C91BC0F8}.Debug|Any CPU.Build.0 = Debug|Any CPU
		{050F4023-66D9-4B96-ABB7-89C2C91BC0F8}.Debug|x86.ActiveCfg = Debug|Any CPU
		{050F4023-66D9-4B96-ABB7-89C2C91BC0F8}.Debug|x86.Build.0 = Debug|Any CPU
		{050F4023-66D9-4B96-ABB7-89C2C91BC0F8}.Release|Any CPU.ActiveCfg = Release|Any CPU
		{050F4023-66D9-4B96-ABB7-89C2C91BC0F8}.Release|Any CPU.Build.0 = Release|Any CPU
		{050F4023-66D9-4B96-ABB7-89C2C91BC0F8}.Release|x86.ActiveCfg = Release|Any CPU
		{050F4023-66D9-4B96-ABB7-89C2C91BC0F8}.Release|x86.Build.0 = Release|Any CPU
		{351142AA-5169-499E-9C7E-B6692FF4EF80}.Debug|Any CPU.ActiveCfg = Debug|Any CPU
		{351142AA-5169-499E-9C7E-B6692FF4EF80}.Debug|Any CPU.Build.0 = Debug|Any CPU
		{351142AA-5169-499E-9C7E-B6692FF4EF80}.Debug|x86.ActiveCfg = Debug|Any CPU
		{351142AA-5169-499E-9C7E-B6692FF4EF80}.Debug|x86.Build.0 = Debug|Any CPU
		{351142AA-5169-499E-9C7E-B6692FF4EF80}.Release|Any CPU.ActiveCfg = Release|Any CPU
		{351142AA-5169-499E-9C7E-B6692FF4EF80}.Release|Any CPU.Build.0 = Release|Any CPU
		{351142AA-5169-499E-9C7E-B6692FF4EF80}.Release|x86.ActiveCfg = Release|Any CPU
		{351142AA-5169-499E-9C7E-B6692FF4EF80}.Release|x86.Build.0 = Release|Any CPU
		{BB8CB56A-79EF-4DE1-B1D6-2A3BC2C13814}.Debug|Any CPU.ActiveCfg = Debug|Any CPU
		{BB8CB56A-79EF-4DE1-B1D6-2A3BC2C13814}.Debug|Any CPU.Build.0 = Debug|Any CPU
		{BB8CB56A-79EF-4DE1-B1D6-2A3BC2C13814}.Debug|x86.ActiveCfg = Debug|Any CPU
		{BB8CB56A-79EF-4DE1-B1D6-2A3BC2C13814}.Debug|x86.Build.0 = Debug|Any CPU
		{BB8CB56A-79EF-4DE1-B1D6-2A3BC2C13814}.Release|Any CPU.ActiveCfg = Release|Any CPU
		{BB8CB56A-79EF-4DE1-B1D6-2A3BC2C13814}.Release|Any CPU.Build.0 = Release|Any CPU
		{BB8CB56A-79EF-4DE1-B1D6-2A3BC2C13814}.Release|x86.ActiveCfg = Release|Any CPU
		{BB8CB56A-79EF-4DE1-B1D6-2A3BC2C13814}.Release|x86.Build.0 = Release|Any CPU
		{B1665387-EF91-4CA0-82BB-66E5781ED800}.Debug|Any CPU.ActiveCfg = Debug|Any CPU
		{B1665387-EF91-4CA0-82BB-66E5781ED800}.Debug|Any CPU.Build.0 = Debug|Any CPU
		{B1665387-EF91-4CA0-82BB-66E5781ED800}.Debug|x86.ActiveCfg = Debug|Any CPU
		{B1665387-EF91-4CA0-82BB-66E5781ED800}.Debug|x86.Build.0 = Debug|Any CPU
		{B1665387-EF91-4CA0-82BB-66E5781ED800}.Release|Any CPU.ActiveCfg = Release|Any CPU
		{B1665387-EF91-4CA0-82BB-66E5781ED800}.Release|Any CPU.Build.0 = Release|Any CPU
		{B1665387-EF91-4CA0-82BB-66E5781ED800}.Release|x86.ActiveCfg = Release|Any CPU
		{B1665387-EF91-4CA0-82BB-66E5781ED800}.Release|x86.Build.0 = Release|Any CPU
	EndGlobalSection
	GlobalSection(SolutionProperties) = preSolution
		HideSolutionNode = FALSE
	EndGlobalSection
EndGlobal
